
Microsoft Visual Studio Solution File, Format Version 12.00
# Visual Studio Version 17
VisualStudioVersion = 17.5.33530.505
MinimumVisualStudioVersion = 10.0.40219.1
Project("{2150E333-8FDC-42A3-9474-1A3956D46DE8}") = "src", "src", "{C89FC922-1E93-4EC8-AE2F-7DFD6C42C127}"
EndProject
Project("{2150E333-8FDC-42A3-9474-1A3956D46DE8}") = "Common", "Common", "{60F4ED1C-58D4-4F5E-B4F9-A4E763A89D86}"
EndProject
Project("{9A19103F-16F7-4668-BE54-9A1E7A4F7556}") = "SeedWork", "SeedWork\SeedWork.csproj", "{78E361C2-2E3E-4AA1-A7E1-D4EDFDFEB4E3}"
EndProject
Project("{2150E333-8FDC-42A3-9474-1A3956D46DE8}") = "Service", "Service", "{9D04FB70-E2C5-4F7F-8588-348A9CD99456}"
EndProject
Project("{2150E333-8FDC-42A3-9474-1A3956D46DE8}") = "Device", "Device", "{3717BE88-9B3B-4994-ADAD-6AC2A4462C2E}"
EndProject
Project("{9A19103F-16F7-4668-BE54-9A1E7A4F7556}") = "Device.Domain", "Device.Domain\Device.Domain.csproj", "{A5D8D7CB-005E-486E-A6B3-745443167AD8}"
EndProject
Project("{9A19103F-16F7-4668-BE54-9A1E7A4F7556}") = "Device.Infrastructure", "Device.Infrastructure\Device.Infrastructure.csproj", "{A67F083B-7608-4BF1-B4F7-6F937D08A1E5}"
EndProject
Project("{9A19103F-16F7-4668-BE54-9A1E7A4F7556}") = "Device.Api", "Device.Api\Device.Api.csproj", "{71B33DD3-D5C0-4941-A1C3-D8D3BFD04EC9}"
EndProject
Project("{9A19103F-16F7-4668-BE54-9A1E7A4F7556}") = "IdentityGenerator", "IdentityGenerator\IdentityGenerator.csproj", "{AA29842F-5C77-4BEF-8035-5E64A67823E4}"
EndProject
Project("{FAE04EC0-301F-11D3-BF4B-00C04F79EFBC}") = "Extension", "Extension\Extension.csproj", "{63D720D4-A27A-4E3F-8AEC-9B5131752655}"
EndProject
Global
	GlobalSection(SolutionConfigurationPlatforms) = preSolution
		Debug|Any CPU = Debug|Any CPU
		Release|Any CPU = Release|Any CPU
	EndGlobalSection
	GlobalSection(ProjectConfigurationPlatforms) = postSolution
		{78E361C2-2E3E-4AA1-A7E1-D4EDFDFEB4E3}.Debug|Any CPU.ActiveCfg = Debug|Any CPU
		{78E361C2-2E3E-4AA1-A7E1-D4EDFDFEB4E3}.Debug|Any CPU.Build.0 = Debug|Any CPU
		{78E361C2-2E3E-4AA1-A7E1-D4EDFDFEB4E3}.Release|Any CPU.ActiveCfg = Release|Any CPU
		{78E361C2-2E3E-4AA1-A7E1-D4EDFDFEB4E3}.Release|Any CPU.Build.0 = Release|Any CPU
		{A5D8D7CB-005E-486E-A6B3-745443167AD8}.Debug|Any CPU.ActiveCfg = Debug|Any CPU
		{A5D8D7CB-005E-486E-A6B3-745443167AD8}.Debug|Any CPU.Build.0 = Debug|Any CPU
		{A5D8D7CB-005E-486E-A6B3-745443167AD8}.Release|Any CPU.ActiveCfg = Release|Any CPU
		{A5D8D7CB-005E-486E-A6B3-745443167AD8}.Release|Any CPU.Build.0 = Release|Any CPU
		{A67F083B-7608-4BF1-B4F7-6F937D08A1E5}.Debug|Any CPU.ActiveCfg = Debug|Any CPU
		{A67F083B-7608-4BF1-B4F7-6F937D08A1E5}.Debug|Any CPU.Build.0 = Debug|Any CPU
		{A67F083B-7608-4BF1-B4F7-6F937D08A1E5}.Release|Any CPU.ActiveCfg = Release|Any CPU
		{A67F083B-7608-4BF1-B4F7-6F937D08A1E5}.Release|Any CPU.Build.0 = Release|Any CPU
		{71B33DD3-D5C0-4941-A1C3-D8D3BFD04EC9}.Debug|Any CPU.ActiveCfg = Debug|Any CPU
		{71B33DD3-D5C0-4941-A1C3-D8D3BFD04EC9}.Debug|Any CPU.Build.0 = Debug|Any CPU
		{71B33DD3-D5C0-4941-A1C3-D8D3BFD04EC9}.Release|Any CPU.ActiveCfg = Release|Any CPU
		{71B33DD3-D5C0-4941-A1C3-D8D3BFD04EC9}.Release|Any CPU.Build.0 = Release|Any CPU
		{AA29842F-5C77-4BEF-8035-5E64A67823E4}.Debug|Any CPU.ActiveCfg = Debug|Any CPU
		{AA29842F-5C77-4BEF-8035-5E64A67823E4}.Debug|Any CPU.Build.0 = Debug|Any CPU
		{AA29842F-5C77-4BEF-8035-5E64A67823E4}.Release|Any CPU.ActiveCfg = Release|Any CPU
		{AA29842F-5C77-4BEF-8035-5E64A67823E4}.Release|Any CPU.Build.0 = Release|Any CPU
		{63D720D4-A27A-4E3F-8AEC-9B5131752655}.Debug|Any CPU.ActiveCfg = Debug|Any CPU
		{63D720D4-A27A-4E3F-8AEC-9B5131752655}.Debug|Any CPU.Build.0 = Debug|Any CPU
		{63D720D4-A27A-4E3F-8AEC-9B5131752655}.Release|Any CPU.ActiveCfg = Release|Any CPU
		{63D720D4-A27A-4E3F-8AEC-9B5131752655}.Release|Any CPU.Build.0 = Release|Any CPU
	EndGlobalSection
	GlobalSection(SolutionProperties) = preSolution
		HideSolutionNode = FALSE
	EndGlobalSection
	GlobalSection(NestedProjects) = preSolution
		{60F4ED1C-58D4-4F5E-B4F9-A4E763A89D86} = {C89FC922-1E93-4EC8-AE2F-7DFD6C42C127}
		{78E361C2-2E3E-4AA1-A7E1-D4EDFDFEB4E3} = {60F4ED1C-58D4-4F5E-B4F9-A4E763A89D86}
		{9D04FB70-E2C5-4F7F-8588-348A9CD99456} = {C89FC922-1E93-4EC8-AE2F-7DFD6C42C127}
		{3717BE88-9B3B-4994-ADAD-6AC2A4462C2E} = {9D04FB70-E2C5-4F7F-8588-348A9CD99456}
		{A5D8D7CB-005E-486E-A6B3-745443167AD8} = {3717BE88-9B3B-4994-ADAD-6AC2A4462C2E}
		{A67F083B-7608-4BF1-B4F7-6F937D08A1E5} = {3717BE88-9B3B-4994-ADAD-6AC2A4462C2E}
		{71B33DD3-D5C0-4941-A1C3-D8D3BFD04EC9} = {3717BE88-9B3B-4994-ADAD-6AC2A4462C2E}
		{AA29842F-5C77-4BEF-8035-5E64A67823E4} = {60F4ED1C-58D4-4F5E-B4F9-A4E763A89D86}
		{63D720D4-A27A-4E3F-8AEC-9B5131752655} = {60F4ED1C-58D4-4F5E-B4F9-A4E763A89D86}
	EndGlobalSection
	GlobalSection(ExtensibilityGlobals) = postSolution
		SolutionGuid = {B407F0F5-2456-498E-8953-97A27018147F}
	EndGlobalSection
EndGlobal
